<Solution>
  <Folder Name="/benchmarks/">
    <Project Path="benchmarks/Bench/Bench.csproj" />
  </Folder>
  <Folder Name="/samples/">
    <Project Path="samples/ls-sample/ls-sample.csproj" />
  </Folder>
  <Folder Name="/src/">
    <Project Path="src/FastNativeOps.csproj" />
  </Folder>
  <Folder Name="/tests/">
    <Project Path="tests/FastNativeOps.Tests/FastNativeOps.Tests.csproj" />
  </Folder>
</Solution>
